
Microsoft Visual Studio Solution File, Format Version 12.00
# Visual Studio 15
VisualStudioVersion = 15.0.27004.2005
MinimumVisualStudioVersion = 10.0.40219.1
Project("{FAE04EC0-301F-11D3-BF4B-00C04F79EFBC}") = "ToolKit", "ToolKit\ToolKit.csproj", "{7F6F2187-0888-4292-911F-972850B59B71}"
EndProject
Global
	GlobalSection(SolutionConfigurationPlatforms) = preSolution
		Debug|Any CPU = Debug|Any CPU
		Release|Any CPU = Release|Any CPU
	EndGlobalSection
	GlobalSection(ProjectConfigurationPlatforms) = postSolution
		{7F6F2187-0888-4292-911F-972850B59B71}.Debug|Any CPU.ActiveCfg = Debug|Any CPU
		{7F6F2187-0888-4292-911F-972850B59B71}.Debug|Any CPU.Build.0 = Debug|Any CPU
		{7F6F2187-0888-4292-911F-972850B59B71}.Release|Any CPU.ActiveCfg = Release|Any CPU
		{7F6F2187-0888-4292-911F-972850B59B71}.Release|Any CPU.Build.0 = Release|Any CPU
	EndGlobalSection
	GlobalSection(SolutionProperties) = preSolution
		HideSolutionNode = FALSE
	EndGlobalSection
	GlobalSection(ExtensibilityGlobals) = postSolution
		SolutionGuid = {975AECC9-BDD5-4EE5-9909-05DF067FCCE4}
	EndGlobalSection
EndGlobal
